
Microsoft Visual Studio Solution File, Format Version 12.00
# Visual Studio Version 17
VisualStudioVersion = 17.1.32407.343
MinimumVisualStudioVersion = 10.0.40219.1
Project("{FAE04EC0-301F-11D3-BF4B-00C04F79EFBC}") = "Galactica_Rasm850m", "Galactica_Rasm850m\Galactica_Rasm850m.csproj", "{6E78D37A-CB71-4F04-9E7A-EA5A4DDB3549}"
EndProject
Global
	GlobalSection(SolutionConfigurationPlatforms) = preSolution
		Debug|Any CPU = Debug|Any CPU
		Release|Any CPU = Release|Any CPU
	EndGlobalSection
	GlobalSection(ProjectConfigurationPlatforms) = postSolution
		{6E78D37A-CB71-4F04-9E7A-EA5A4DDB3549}.Debug|Any CPU.ActiveCfg = Debug|Any CPU
		{6E78D37A-CB71-4F04-9E7A-EA5A4DDB3549}.Debug|Any CPU.Build.0 = Debug|Any CPU
		{6E78D37A-CB71-4F04-9E7A-EA5A4DDB3549}.Release|Any CPU.ActiveCfg = Release|Any CPU
		{6E78D37A-CB71-4F04-9E7A-EA5A4DDB3549}.Release|Any CPU.Build.0 = Release|Any CPU
	EndGlobalSection
	GlobalSection(SolutionProperties) = preSolution
		HideSolutionNode = FALSE
	EndGlobalSection
	GlobalSection(ExtensibilityGlobals) = postSolution
		SolutionGuid = {113BE6BB-D73C-425D-AF83-1B9106BF8073}
	EndGlobalSection
EndGlobal
